{
  "requires": true,
  "lockfileVersion": 1,
  "dependencies": {
    "types-registry": {
      "version": "0.1.511",
      "resolved": "https://registry.npmjs.org/types-registry/-/types-registry-0.1.511.tgz",
      "integrity": "sha512-sZCp4DQN7qSl90qLjbv9ogL5aoTxPa0bVJ/g7kU11tRSD2ivTIaSksZlHCIlxE4l0BIwxAkx0jWyGDhFHLtV3A=="
    }
  }
}
